{
  "name": "ToDo",
  "lockfileVersion": 2,
  "requires": true,
  "packages": {
    "": {
      "dependencies": {
        "@supabase/ssr": "^0.6.1",
        "@supabase/supabase-js": "^2.50.0",
        "bun": "^1.2.17"
      }
    },
    "node_modules/@oven/bun-linux-x64": {
      "version": "1.2.17",
      "cpu": [
        "x64"
      ],
      "license": "MIT",
      "optional": true,
      "os": [
        "linux"
      ]
    },
    "node_modules/@oven/bun-linux-x64-baseline": {
      "version": "1.2.17",
      "cpu": [
        "x64"
      ],
      "license": "MIT",
      "optional": true,
      "os": [
        "linux"
      ]
    },
    "node_modules/@oven/bun-linux-x64-musl": {
      "version": "1.2.17",
      "cpu": [
        "x64"
      ],
      "license": "MIT",
      "optional": true,
      "os": [
        "linux"
      ]
    },
    "node_modules/@oven/bun-linux-x64-musl-baseline": {
      "version": "1.2.17",
      "cpu": [
        "x64"
      ],
      "license": "MIT",
      "optional": true,
      "os": [
        "linux"
      ]
    },
    "node_modules/@supabase/auth-js": {
      "version": "2.70.0",
      "license": "MIT",
      "dependencies": {
        "@supabase/node-fetch": "^2.6.14"
      }
    },
    "node_modules/@supabase/functions-js": {
      "version": "2.4.4",
      "license": "MIT",
      "dependencies": {
        "@supabase/node-fetch": "^2.6.14"
      }
    },
    "node_modules/@supabase/node-fetch": {
      "version": "2.6.15",
      "license": "MIT",
      "dependencies": {
        "whatwg-url": "^5.0.0"
      },
      "engines": {
        "node": "4.x || >=6.0.0"
      }
    },
    "node_modules/@supabase/postgrest-js": {
      "version": "1.19.4",
      "license": "MIT",
      "dependencies": {
        "@supabase/node-fetch": "^2.6.14"
      }
    },
    "node_modules/@supabase/realtime-js": {
      "version": "2.11.10",
      "license": "MIT",
      "dependencies": {
        "@supabase/node-fetch": "^2.6.13",
        "@types/phoenix": "^1.6.6",
        "@types/ws": "^8.18.1",
        "ws": "^8.18.2"
      }
    },
    "node_modules/@supabase/ssr": {
      "version": "0.6.1",
      "license": "MIT",
      "dependencies": {
        "cookie": "^1.0.1"
      },
      "peerDependencies": {
        "@supabase/supabase-js": "^2.43.4"
      }
    },
    "node_modules/@supabase/storage-js": {
      "version": "2.7.1",
      "license": "MIT",
      "dependencies": {
        "@supabase/node-fetch": "^2.6.14"
      }
    },
    "node_modules/@supabase/supabase-js": {
      "version": "2.50.0",
      "license": "MIT",
      "dependencies": {
        "@supabase/auth-js": "2.70.0",
        "@supabase/functions-js": "2.4.4",
        "@supabase/node-fetch": "2.6.15",
        "@supabase/postgrest-js": "1.19.4",
        "@supabase/realtime-js": "2.11.10",
        "@supabase/storage-js": "2.7.1"
      }
    },
    "node_modules/@types/node": {
      "version": "24.0.3",
      "license": "MIT",
      "dependencies": {
        "undici-types": "~7.8.0"
      }
    },
    "node_modules/@types/phoenix": {
      "version": "1.6.6",
      "license": "MIT"
    },
    "node_modules/@types/ws": {
      "version": "8.18.1",
      "license": "MIT",
      "dependencies": {
        "@types/node": "*"
      }
    },
    "node_modules/bun": {
      "version": "1.2.17",
      "cpu": [
        "arm64",
        "x64",
        "aarch64"
      ],
      "hasInstallScript": true,
      "license": "MIT",
      "os": [
        "darwin",
        "linux",
        "win32"
      ],
      "bin": {
        "bun": "bin/bun.exe",
        "bunx": "bin/bunx.exe"
      },
      "optionalDependencies": {
        "@oven/bun-darwin-aarch64": "1.2.17",
        "@oven/bun-darwin-x64": "1.2.17",
        "@oven/bun-darwin-x64-baseline": "1.2.17",
        "@oven/bun-linux-aarch64": "1.2.17",
        "@oven/bun-linux-aarch64-musl": "1.2.17",
        "@oven/bun-linux-x64": "1.2.17",
        "@oven/bun-linux-x64-baseline": "1.2.17",
        "@oven/bun-linux-x64-musl": "1.2.17",
        "@oven/bun-linux-x64-musl-baseline": "1.2.17",
        "@oven/bun-windows-x64": "1.2.17",
        "@oven/bun-windows-x64-baseline": "1.2.17"
      }
    },
    "node_modules/cookie": {
      "version": "1.0.2",
      "license": "MIT",
      "engines": {
        "node": ">=18"
      }
    },
    "node_modules/tr46": {
      "version": "0.0.3",
      "license": "MIT"
    },
    "node_modules/undici-types": {
      "version": "7.8.0",
      "license": "MIT"
    },
    "node_modules/webidl-conversions": {
      "version": "3.0.1",
      "license": "BSD-2-Clause"
    },
    "node_modules/whatwg-url": {
      "version": "5.0.0",
      "license": "MIT",
      "dependencies": {
        "tr46": "~0.0.3",
        "webidl-conversions": "^3.0.0"
      }
    },
    "node_modules/ws": {
      "version": "8.18.2",
      "license": "MIT",
      "engines": {
        "node": ">=10.0.0"
      },
      "peerDependencies": {
        "bufferutil": "^4.0.1",
        "utf-8-validate": ">=5.0.2"
      },
      "peerDependenciesMeta": {
        "bufferutil": {
          "optional": true
        },
        "utf-8-validate": {
          "optional": true
        }
      }
    }
  },
  "dependencies": {
    "@oven/bun-linux-x64": {
      "version": "1.2.17",
      "optional": true
    },
    "@oven/bun-linux-x64-baseline": {
      "version": "1.2.17",
      "optional": true
    },
    "@oven/bun-linux-x64-musl": {
      "version": "1.2.17",
      "optional": true
    },
    "@oven/bun-linux-x64-musl-baseline": {
      "version": "1.2.17",
      "optional": true
    },
    "@supabase/auth-js": {
      "version": "2.70.0",
      "requires": {
        "@supabase/node-fetch": "^2.6.14"
      }
    },
    "@supabase/functions-js": {
      "version": "2.4.4",
      "requires": {
        "@supabase/node-fetch": "^2.6.14"
      }
    },
    "@supabase/node-fetch": {
      "version": "2.6.15",
      "requires": {
        "whatwg-url": "^5.0.0"
      }
    },
    "@supabase/postgrest-js": {
      "version": "1.19.4",
      "requires": {
        "@supabase/node-fetch": "^2.6.14"
      }
    },
    "@supabase/realtime-js": {
      "version": "2.11.10",
      "requires": {
        "@supabase/node-fetch": "^2.6.13",
        "@types/phoenix": "^1.6.6",
        "@types/ws": "^8.18.1",
        "ws": "^8.18.2"
      }
    },
    "@supabase/ssr": {
      "version": "0.6.1",
      "requires": {
        "cookie": "^1.0.1"
      }
    },
    "@supabase/storage-js": {
      "version": "2.7.1",
      "requires": {
        "@supabase/node-fetch": "^2.6.14"
      }
    },
    "@supabase/supabase-js": {
      "version": "2.50.0",
      "requires": {
        "@supabase/auth-js": "2.70.0",
        "@supabase/functions-js": "2.4.4",
        "@supabase/node-fetch": "2.6.15",
        "@supabase/postgrest-js": "1.19.4",
        "@supabase/realtime-js": "2.11.10",
        "@supabase/storage-js": "2.7.1"
      }
    },
    "@types/node": {
      "version": "24.0.3",
      "requires": {
        "undici-types": "~7.8.0"
      }
    },
    "@types/phoenix": {
      "version": "1.6.6"
    },
    "@types/ws": {
      "version": "8.18.1",
      "requires": {
        "@types/node": "*"
      }
    },
    "bun": {
      "version": "1.2.17",
      "requires": {
        "@oven/bun-darwin-aarch64": "1.2.17",
        "@oven/bun-darwin-x64": "1.2.17",
        "@oven/bun-darwin-x64-baseline": "1.2.17",
        "@oven/bun-linux-aarch64": "1.2.17",
        "@oven/bun-linux-aarch64-musl": "1.2.17",
        "@oven/bun-linux-x64": "1.2.17",
        "@oven/bun-linux-x64-baseline": "1.2.17",
        "@oven/bun-linux-x64-musl": "1.2.17",
        "@oven/bun-linux-x64-musl-baseline": "1.2.17",
        "@oven/bun-windows-x64": "1.2.17",
        "@oven/bun-windows-x64-baseline": "1.2.17"
      }
    },
    "cookie": {
      "version": "1.0.2"
    },
    "tr46": {
      "version": "0.0.3"
    },
    "undici-types": {
      "version": "7.8.0"
    },
    "webidl-conversions": {
      "version": "3.0.1"
    },
    "whatwg-url": {
      "version": "5.0.0",
      "requires": {
        "tr46": "~0.0.3",
        "webidl-conversions": "^3.0.0"
      }
    },
    "ws": {
      "version": "8.18.2",
      "requires": {}
    }
  }
}
